
Microsoft Visual Studio Solution File, Format Version 12.00
# Visual Studio 14
VisualStudioVersion = 14.0.25420.1
MinimumVisualStudioVersion = 10.0.40219.1
Project("{FAE04EC0-301F-11D3-BF4B-00C04F79EFBC}") = "PDE.Entities", "PDE.Entities\PDE.Entities.csproj", "{FE14FBE3-B952-40E5-830B-9B21B23ED051}"
EndProject
Project("{FAE04EC0-301F-11D3-BF4B-00C04F79EFBC}") = "PDE.DataAccess", "PDE.DataAccess\PDE.DataAccess.csproj", "{733361D4-1E19-4721-A118-95E61DA9267C}"
EndProject
Project("{FAE04EC0-301F-11D3-BF4B-00C04F79EFBC}") = "PDE.BusinessLogic", "PDE.BusinessLogic\PDE.BusinessLogic.csproj", "{FE74E7B8-8D0F-4150-AF55-120D1306C591}"
EndProject
Project("{FAE04EC0-301F-11D3-BF4B-00C04F79EFBC}") = "PDE.Site", "PDE.Site\PDE.Site.csproj", "{C30D7CE4-8AB9-4186-8296-8175E3631BF9}"
EndProject
Project("{FAE04EC0-301F-11D3-BF4B-00C04F79EFBC}") = "PDE.Site.Tests", "PDE.Site.Tests\PDE.Site.Tests.csproj", "{D28FE33B-71D1-4CCB-B75B-9998A0E9A86F}"
EndProject
Global
	GlobalSection(SolutionConfigurationPlatforms) = preSolution
		Debug|Any CPU = Debug|Any CPU
		Release|Any CPU = Release|Any CPU
	EndGlobalSection
	GlobalSection(ProjectConfigurationPlatforms) = postSolution
		{FE14FBE3-B952-40E5-830B-9B21B23ED051}.Debug|Any CPU.ActiveCfg = Debug|Any CPU
		{FE14FBE3-B952-40E5-830B-9B21B23ED051}.Debug|Any CPU.Build.0 = Debug|Any CPU
		{FE14FBE3-B952-40E5-830B-9B21B23ED051}.Release|Any CPU.ActiveCfg = Release|Any CPU
		{FE14FBE3-B952-40E5-830B-9B21B23ED051}.Release|Any CPU.Build.0 = Release|Any CPU
		{733361D4-1E19-4721-A118-95E61DA9267C}.Debug|Any CPU.ActiveCfg = Debug|Any CPU
		{733361D4-1E19-4721-A118-95E61DA9267C}.Debug|Any CPU.Build.0 = Debug|Any CPU
		{733361D4-1E19-4721-A118-95E61DA9267C}.Release|Any CPU.ActiveCfg = Release|Any CPU
		{733361D4-1E19-4721-A118-95E61DA9267C}.Release|Any CPU.Build.0 = Release|Any CPU
		{FE74E7B8-8D0F-4150-AF55-120D1306C591}.Debug|Any CPU.ActiveCfg = Debug|Any CPU
		{FE74E7B8-8D0F-4150-AF55-120D1306C591}.Debug|Any CPU.Build.0 = Debug|Any CPU
		{FE74E7B8-8D0F-4150-AF55-120D1306C591}.Release|Any CPU.ActiveCfg = Release|Any CPU
		{FE74E7B8-8D0F-4150-AF55-120D1306C591}.Release|Any CPU.Build.0 = Release|Any CPU
		{C30D7CE4-8AB9-4186-8296-8175E3631BF9}.Debug|Any CPU.ActiveCfg = Debug|Any CPU
		{C30D7CE4-8AB9-4186-8296-8175E3631BF9}.Debug|Any CPU.Build.0 = Debug|Any CPU
		{C30D7CE4-8AB9-4186-8296-8175E3631BF9}.Release|Any CPU.ActiveCfg = Release|Any CPU
		{C30D7CE4-8AB9-4186-8296-8175E3631BF9}.Release|Any CPU.Build.0 = Release|Any CPU
		{D28FE33B-71D1-4CCB-B75B-9998A0E9A86F}.Debug|Any CPU.ActiveCfg = Debug|Any CPU
		{D28FE33B-71D1-4CCB-B75B-9998A0E9A86F}.Debug|Any CPU.Build.0 = Debug|Any CPU
		{D28FE33B-71D1-4CCB-B75B-9998A0E9A86F}.Release|Any CPU.ActiveCfg = Release|Any CPU
		{D28FE33B-71D1-4CCB-B75B-9998A0E9A86F}.Release|Any CPU.Build.0 = Release|Any CPU
	EndGlobalSection
	GlobalSection(SolutionProperties) = preSolution
		HideSolutionNode = FALSE
	EndGlobalSection
EndGlobal
